
Microsoft Visual Studio Solution File, Format Version 12.00
# Visual Studio Version 17
VisualStudioVersion = 17.14.36511.14 d17.14
MinimumVisualStudioVersion = 10.0.40219.1
Project("{FAE04EC0-301F-11D3-BF4B-00C04F79EFBC}") = "Prueba", "Prueba\Prueba.csproj", "{6C539B85-3107-4D21-94D4-F759A2E465EC}"
EndProject
Global
	GlobalSection(SolutionConfigurationPlatforms) = preSolution
		Debug|Any CPU = Debug|Any CPU
		Release|Any CPU = Release|Any CPU
	EndGlobalSection
	GlobalSection(ProjectConfigurationPlatforms) = postSolution
		{6C539B85-3107-4D21-94D4-F759A2E465EC}.Debug|Any CPU.ActiveCfg = Debug|Any CPU
		{6C539B85-3107-4D21-94D4-F759A2E465EC}.Debug|Any CPU.Build.0 = Debug|Any CPU
		{6C539B85-3107-4D21-94D4-F759A2E465EC}.Release|Any CPU.ActiveCfg = Release|Any CPU
		{6C539B85-3107-4D21-94D4-F759A2E465EC}.Release|Any CPU.Build.0 = Release|Any CPU
	EndGlobalSection
	GlobalSection(SolutionProperties) = preSolution
		HideSolutionNode = FALSE
	EndGlobalSection
	GlobalSection(ExtensibilityGlobals) = postSolution
		SolutionGuid = {D294BDF2-FF09-4980-BE9A-521A57D95D19}
	EndGlobalSection
EndGlobal
